
Microsoft Visual Studio Solution File, Format Version 12.00
# Visual Studio Version 16
VisualStudioVersion = 16.0.29318.209
MinimumVisualStudioVersion = 10.0.40219.1
Project("{FAE04EC0-301F-11D3-BF4B-00C04F79EFBC}") = "DomainModels", "DomainModels\DomainModels.csproj", "{FDB4F8ED-2819-4E48-82B2-50E3CE598A5A}"
EndProject
Project("{FAE04EC0-301F-11D3-BF4B-00C04F79EFBC}") = "WebUI", "WebUI\WebUI.csproj", "{4CD97BBF-DC94-4E6E-ABBC-E87EED354762}"
EndProject
Project("{FAE04EC0-301F-11D3-BF4B-00C04F79EFBC}") = "BussinessLogic", "BussinessLogic\BussinessLogic.csproj", "{E1EC4533-FF70-440F-860F-BB7060EF7EF7}"
EndProject
Project("{FAE04EC0-301F-11D3-BF4B-00C04F79EFBC}") = "DomainModels.EntityORM", "DomainModels.EntityORM\DomainModels.EntityORM.csproj", "{C1F90F9E-6661-4D72-A4A5-D3EA32C9FEDC}"
EndProject
Project("{9A19103F-16F7-4668-BE54-9A1E7A4F7556}") = "Services", "Services\Services.csproj", "{40DECE90-1099-4A35-B057-738A44A65BF0}"
EndProject
Project("{FAE04EC0-301F-11D3-BF4B-00C04F79EFBC}") = "WebUI.Tests", "WebUI.Tests\WebUI.Tests.csproj", "{D17BF1A0-8663-48E1-A0E0-F47F000D24AA}"
EndProject
Project("{FAE04EC0-301F-11D3-BF4B-00C04F79EFBC}") = "BussinessLogic.Tests", "BussinessLogic.Tests\BussinessLogic.Tests.csproj", "{5C083224-AD61-49BF-93D2-0740A368A9C4}"
EndProject
Project("{FAE04EC0-301F-11D3-BF4B-00C04F79EFBC}") = "Loggers", "Loggers\Loggers.csproj", "{A7C4220C-CBC8-4852-95C8-15CFC6DFAA86}"
EndProject
Project("{FAE04EC0-301F-11D3-BF4B-00C04F79EFBC}") = "Converters", "Converters\Converters.csproj", "{677DD3B3-72A6-4451-A8E1-D2A63BB690B0}"
EndProject
Project("{9A19103F-16F7-4668-BE54-9A1E7A4F7556}") = "Providers", "Providers\Providers.csproj", "{79553655-CCBA-4823-8459-CA7D610E7F67}"
EndProject
Project("{2150E333-8FDC-42A3-9474-1A3956D46DE8}") = "Solution Items", "Solution Items", "{2F030BCA-56AE-4EBB-BFF9-BFECB8E34E30}"
	ProjectSection(SolutionItems) = preProject
		AssemblyInfo.cs = AssemblyInfo.cs
	EndProjectSection
EndProject
Global
	GlobalSection(SolutionConfigurationPlatforms) = preSolution
		Debug.Local|Any CPU = Debug.Local|Any CPU
		Debug|Any CPU = Debug|Any CPU
		Release|Any CPU = Release|Any CPU
	EndGlobalSection
	GlobalSection(ProjectConfigurationPlatforms) = postSolution
		{FDB4F8ED-2819-4E48-82B2-50E3CE598A5A}.Debug.Local|Any CPU.ActiveCfg = Debug.Local|Any CPU
		{FDB4F8ED-2819-4E48-82B2-50E3CE598A5A}.Debug.Local|Any CPU.Build.0 = Debug.Local|Any CPU
		{FDB4F8ED-2819-4E48-82B2-50E3CE598A5A}.Debug|Any CPU.ActiveCfg = Debug|Any CPU
		{FDB4F8ED-2819-4E48-82B2-50E3CE598A5A}.Debug|Any CPU.Build.0 = Debug|Any CPU
		{FDB4F8ED-2819-4E48-82B2-50E3CE598A5A}.Release|Any CPU.ActiveCfg = Release|Any CPU
		{FDB4F8ED-2819-4E48-82B2-50E3CE598A5A}.Release|Any CPU.Build.0 = Release|Any CPU
		{4CD97BBF-DC94-4E6E-ABBC-E87EED354762}.Debug.Local|Any CPU.ActiveCfg = Debug.Local|Any CPU
		{4CD97BBF-DC94-4E6E-ABBC-E87EED354762}.Debug.Local|Any CPU.Build.0 = Debug.Local|Any CPU
		{4CD97BBF-DC94-4E6E-ABBC-E87EED354762}.Debug|Any CPU.ActiveCfg = Debug|Any CPU
		{4CD97BBF-DC94-4E6E-ABBC-E87EED354762}.Debug|Any CPU.Build.0 = Debug|Any CPU
		{4CD97BBF-DC94-4E6E-ABBC-E87EED354762}.Release|Any CPU.ActiveCfg = Release|Any CPU
		{4CD97BBF-DC94-4E6E-ABBC-E87EED354762}.Release|Any CPU.Build.0 = Release|Any CPU
		{E1EC4533-FF70-440F-860F-BB7060EF7EF7}.Debug.Local|Any CPU.ActiveCfg = Debug.Local|Any CPU
		{E1EC4533-FF70-440F-860F-BB7060EF7EF7}.Debug.Local|Any CPU.Build.0 = Debug.Local|Any CPU
		{E1EC4533-FF70-440F-860F-BB7060EF7EF7}.Debug|Any CPU.ActiveCfg = Debug|Any CPU
		{E1EC4533-FF70-440F-860F-BB7060EF7EF7}.Debug|Any CPU.Build.0 = Debug|Any CPU
		{E1EC4533-FF70-440F-860F-BB7060EF7EF7}.Release|Any CPU.ActiveCfg = Release|Any CPU
		{E1EC4533-FF70-440F-860F-BB7060EF7EF7}.Release|Any CPU.Build.0 = Release|Any CPU
		{C1F90F9E-6661-4D72-A4A5-D3EA32C9FEDC}.Debug.Local|Any CPU.ActiveCfg = Debug.Local|Any CPU
		{C1F90F9E-6661-4D72-A4A5-D3EA32C9FEDC}.Debug.Local|Any CPU.Build.0 = Debug.Local|Any CPU
		{C1F90F9E-6661-4D72-A4A5-D3EA32C9FEDC}.Debug|Any CPU.ActiveCfg = Debug|Any CPU
		{C1F90F9E-6661-4D72-A4A5-D3EA32C9FEDC}.Debug|Any CPU.Build.0 = Debug|Any CPU
		{C1F90F9E-6661-4D72-A4A5-D3EA32C9FEDC}.Release|Any CPU.ActiveCfg = Release|Any CPU
		{C1F90F9E-6661-4D72-A4A5-D3EA32C9FEDC}.Release|Any CPU.Build.0 = Release|Any CPU
		{40DECE90-1099-4A35-B057-738A44A65BF0}.Debug.Local|Any CPU.ActiveCfg = Debug|Any CPU
		{40DECE90-1099-4A35-B057-738A44A65BF0}.Debug.Local|Any CPU.Build.0 = Debug|Any CPU
		{40DECE90-1099-4A35-B057-738A44A65BF0}.Debug|Any CPU.ActiveCfg = Debug|Any CPU
		{40DECE90-1099-4A35-B057-738A44A65BF0}.Debug|Any CPU.Build.0 = Debug|Any CPU
		{40DECE90-1099-4A35-B057-738A44A65BF0}.Release|Any CPU.ActiveCfg = Release|Any CPU
		{40DECE90-1099-4A35-B057-738A44A65BF0}.Release|Any CPU.Build.0 = Release|Any CPU
		{D17BF1A0-8663-48E1-A0E0-F47F000D24AA}.Debug.Local|Any CPU.ActiveCfg = Debug.Local|Any CPU
		{D17BF1A0-8663-48E1-A0E0-F47F000D24AA}.Debug.Local|Any CPU.Build.0 = Debug.Local|Any CPU
		{D17BF1A0-8663-48E1-A0E0-F47F000D24AA}.Debug|Any CPU.ActiveCfg = Debug|Any CPU
		{D17BF1A0-8663-48E1-A0E0-F47F000D24AA}.Debug|Any CPU.Build.0 = Debug|Any CPU
		{D17BF1A0-8663-48E1-A0E0-F47F000D24AA}.Release|Any CPU.ActiveCfg = Release|Any CPU
		{D17BF1A0-8663-48E1-A0E0-F47F000D24AA}.Release|Any CPU.Build.0 = Release|Any CPU
		{5C083224-AD61-49BF-93D2-0740A368A9C4}.Debug.Local|Any CPU.ActiveCfg = Debug.Local|Any CPU
		{5C083224-AD61-49BF-93D2-0740A368A9C4}.Debug.Local|Any CPU.Build.0 = Debug.Local|Any CPU
		{5C083224-AD61-49BF-93D2-0740A368A9C4}.Debug|Any CPU.ActiveCfg = Debug|Any CPU
		{5C083224-AD61-49BF-93D2-0740A368A9C4}.Debug|Any CPU.Build.0 = Debug|Any CPU
		{5C083224-AD61-49BF-93D2-0740A368A9C4}.Release|Any CPU.ActiveCfg = Release|Any CPU
		{5C083224-AD61-49BF-93D2-0740A368A9C4}.Release|Any CPU.Build.0 = Release|Any CPU
		{A7C4220C-CBC8-4852-95C8-15CFC6DFAA86}.Debug.Local|Any CPU.ActiveCfg = Debug|Any CPU
		{A7C4220C-CBC8-4852-95C8-15CFC6DFAA86}.Debug.Local|Any CPU.Build.0 = Debug|Any CPU
		{A7C4220C-CBC8-4852-95C8-15CFC6DFAA86}.Debug|Any CPU.ActiveCfg = Debug|Any CPU
		{A7C4220C-CBC8-4852-95C8-15CFC6DFAA86}.Debug|Any CPU.Build.0 = Debug|Any CPU
		{A7C4220C-CBC8-4852-95C8-15CFC6DFAA86}.Release|Any CPU.ActiveCfg = Release|Any CPU
		{A7C4220C-CBC8-4852-95C8-15CFC6DFAA86}.Release|Any CPU.Build.0 = Release|Any CPU
		{677DD3B3-72A6-4451-A8E1-D2A63BB690B0}.Debug.Local|Any CPU.ActiveCfg = Debug.Local|Any CPU
		{677DD3B3-72A6-4451-A8E1-D2A63BB690B0}.Debug.Local|Any CPU.Build.0 = Debug.Local|Any CPU
		{677DD3B3-72A6-4451-A8E1-D2A63BB690B0}.Debug|Any CPU.ActiveCfg = Debug|Any CPU
		{677DD3B3-72A6-4451-A8E1-D2A63BB690B0}.Debug|Any CPU.Build.0 = Debug|Any CPU
		{677DD3B3-72A6-4451-A8E1-D2A63BB690B0}.Release|Any CPU.ActiveCfg = Release|Any CPU
		{677DD3B3-72A6-4451-A8E1-D2A63BB690B0}.Release|Any CPU.Build.0 = Release|Any CPU
		{79553655-CCBA-4823-8459-CA7D610E7F67}.Debug.Local|Any CPU.ActiveCfg = Debug|Any CPU
		{79553655-CCBA-4823-8459-CA7D610E7F67}.Debug.Local|Any CPU.Build.0 = Debug|Any CPU
		{79553655-CCBA-4823-8459-CA7D610E7F67}.Debug|Any CPU.ActiveCfg = Debug|Any CPU
		{79553655-CCBA-4823-8459-CA7D610E7F67}.Debug|Any CPU.Build.0 = Debug|Any CPU
		{79553655-CCBA-4823-8459-CA7D610E7F67}.Release|Any CPU.ActiveCfg = Release|Any CPU
		{79553655-CCBA-4823-8459-CA7D610E7F67}.Release|Any CPU.Build.0 = Release|Any CPU
	EndGlobalSection
	GlobalSection(SolutionProperties) = preSolution
		HideSolutionNode = FALSE
	EndGlobalSection
	GlobalSection(ExtensibilityGlobals) = postSolution
		SolutionGuid = {C4F693E1-1E40-46CD-B01E-1A5BE7211EE3}
	EndGlobalSection
EndGlobal
