
Microsoft Visual Studio Solution File, Format Version 12.00
# Visual Studio Version 17
VisualStudioVersion = 17.0.32112.339
MinimumVisualStudioVersion = 10.0.40219.1
Project("{9A19103F-16F7-4668-BE54-9A1E7A4F7556}") = "DomainModels", "DomainModels\DomainModels.csproj", "{FDB4F8ED-2819-4E48-82B2-50E3CE598A5A}"
EndProject
Project("{9A19103F-16F7-4668-BE54-9A1E7A4F7556}") = "BusinessLogic", "BusinessLogic\BusinessLogic.csproj", "{E1EC4533-FF70-440F-860F-BB7060EF7EF7}"
EndProject
Project("{9A19103F-16F7-4668-BE54-9A1E7A4F7556}") = "Services", "Services\Services.csproj", "{40DECE90-1099-4A35-B057-738A44A65BF0}"
EndProject
Project("{9A19103F-16F7-4668-BE54-9A1E7A4F7556}") = "BusinessLogic.Tests", "BusinessLogic.Tests\BusinessLogic.Tests.csproj", "{5C083224-AD61-49BF-93D2-0740A368A9C4}"
EndProject
Project("{9A19103F-16F7-4668-BE54-9A1E7A4F7556}") = "Providers", "Providers\Providers.csproj", "{79553655-CCBA-4823-8459-CA7D610E7F67}"
EndProject
Project("{2150E333-8FDC-42A3-9474-1A3956D46DE8}") = "Solution Items", "Solution Items", "{2F030BCA-56AE-4EBB-BFF9-BFECB8E34E30}"
	ProjectSection(SolutionItems) = preProject
		AssemblyInfo.cs = AssemblyInfo.cs
	EndProjectSection
EndProject
Project("{9A19103F-16F7-4668-BE54-9A1E7A4F7556}") = "DomainModels.EntityORM.Core", "DomainModels.EntityORM.Core\DomainModels.EntityORM.Core.csproj", "{2CCE3361-3B4A-4B8E-A3C9-9C1749A87CC6}"
EndProject
Project("{9A19103F-16F7-4668-BE54-9A1E7A4F7556}") = "Loggers.Extensions", "Loggers.Extensions\Loggers.Extensions.csproj", "{D30E539B-DD52-42C5-B98E-DB786C7EC8D0}"
EndProject
Project("{9A19103F-16F7-4668-BE54-9A1E7A4F7556}") = "WebUI.Core", "WebUI.Core\WebUI.Core.csproj", "{CEC64A77-AA49-4CED-8247-F9F53C7F28D0}"
EndProject
Project("{9A19103F-16F7-4668-BE54-9A1E7A4F7556}") = "WebUI.Core.Tests", "WebUI.Core.Tests\WebUI.Core.Tests.csproj", "{B0B680B1-3D64-4FA9-ABDA-BF53798C6960}"
EndProject
Global
	GlobalSection(SolutionConfigurationPlatforms) = preSolution
		Debug|Any CPU = Debug|Any CPU
		Release|Any CPU = Release|Any CPU
	EndGlobalSection
	GlobalSection(ProjectConfigurationPlatforms) = postSolution
		{FDB4F8ED-2819-4E48-82B2-50E3CE598A5A}.Debug|Any CPU.ActiveCfg = Debug|Any CPU
		{FDB4F8ED-2819-4E48-82B2-50E3CE598A5A}.Debug|Any CPU.Build.0 = Debug|Any CPU
		{FDB4F8ED-2819-4E48-82B2-50E3CE598A5A}.Release|Any CPU.ActiveCfg = Release|Any CPU
		{FDB4F8ED-2819-4E48-82B2-50E3CE598A5A}.Release|Any CPU.Build.0 = Release|Any CPU
		{E1EC4533-FF70-440F-860F-BB7060EF7EF7}.Debug|Any CPU.ActiveCfg = Debug|Any CPU
		{E1EC4533-FF70-440F-860F-BB7060EF7EF7}.Debug|Any CPU.Build.0 = Debug|Any CPU
		{E1EC4533-FF70-440F-860F-BB7060EF7EF7}.Release|Any CPU.ActiveCfg = Release|Any CPU
		{E1EC4533-FF70-440F-860F-BB7060EF7EF7}.Release|Any CPU.Build.0 = Release|Any CPU
		{40DECE90-1099-4A35-B057-738A44A65BF0}.Debug|Any CPU.ActiveCfg = Debug|Any CPU
		{40DECE90-1099-4A35-B057-738A44A65BF0}.Debug|Any CPU.Build.0 = Debug|Any CPU
		{40DECE90-1099-4A35-B057-738A44A65BF0}.Release|Any CPU.ActiveCfg = Release|Any CPU
		{40DECE90-1099-4A35-B057-738A44A65BF0}.Release|Any CPU.Build.0 = Release|Any CPU
		{5C083224-AD61-49BF-93D2-0740A368A9C4}.Debug|Any CPU.ActiveCfg = Debug|Any CPU
		{5C083224-AD61-49BF-93D2-0740A368A9C4}.Debug|Any CPU.Build.0 = Debug|Any CPU
		{5C083224-AD61-49BF-93D2-0740A368A9C4}.Release|Any CPU.ActiveCfg = Release|Any CPU
		{5C083224-AD61-49BF-93D2-0740A368A9C4}.Release|Any CPU.Build.0 = Release|Any CPU
		{79553655-CCBA-4823-8459-CA7D610E7F67}.Debug|Any CPU.ActiveCfg = Debug|Any CPU
		{79553655-CCBA-4823-8459-CA7D610E7F67}.Debug|Any CPU.Build.0 = Debug|Any CPU
		{79553655-CCBA-4823-8459-CA7D610E7F67}.Release|Any CPU.ActiveCfg = Release|Any CPU
		{79553655-CCBA-4823-8459-CA7D610E7F67}.Release|Any CPU.Build.0 = Release|Any CPU
		{2CCE3361-3B4A-4B8E-A3C9-9C1749A87CC6}.Debug|Any CPU.ActiveCfg = Debug|Any CPU
		{2CCE3361-3B4A-4B8E-A3C9-9C1749A87CC6}.Debug|Any CPU.Build.0 = Debug|Any CPU
		{2CCE3361-3B4A-4B8E-A3C9-9C1749A87CC6}.Release|Any CPU.ActiveCfg = Release|Any CPU
		{2CCE3361-3B4A-4B8E-A3C9-9C1749A87CC6}.Release|Any CPU.Build.0 = Release|Any CPU
		{D30E539B-DD52-42C5-B98E-DB786C7EC8D0}.Debug|Any CPU.ActiveCfg = Debug|Any CPU
		{D30E539B-DD52-42C5-B98E-DB786C7EC8D0}.Debug|Any CPU.Build.0 = Debug|Any CPU
		{D30E539B-DD52-42C5-B98E-DB786C7EC8D0}.Release|Any CPU.ActiveCfg = Release|Any CPU
		{D30E539B-DD52-42C5-B98E-DB786C7EC8D0}.Release|Any CPU.Build.0 = Release|Any CPU
		{CEC64A77-AA49-4CED-8247-F9F53C7F28D0}.Debug|Any CPU.ActiveCfg = Debug|Any CPU
		{CEC64A77-AA49-4CED-8247-F9F53C7F28D0}.Debug|Any CPU.Build.0 = Debug|Any CPU
		{CEC64A77-AA49-4CED-8247-F9F53C7F28D0}.Release|Any CPU.ActiveCfg = Release|Any CPU
		{CEC64A77-AA49-4CED-8247-F9F53C7F28D0}.Release|Any CPU.Build.0 = Release|Any CPU
		{B0B680B1-3D64-4FA9-ABDA-BF53798C6960}.Debug|Any CPU.ActiveCfg = Debug|Any CPU
		{B0B680B1-3D64-4FA9-ABDA-BF53798C6960}.Debug|Any CPU.Build.0 = Debug|Any CPU
		{B0B680B1-3D64-4FA9-ABDA-BF53798C6960}.Release|Any CPU.ActiveCfg = Release|Any CPU
		{B0B680B1-3D64-4FA9-ABDA-BF53798C6960}.Release|Any CPU.Build.0 = Release|Any CPU
	EndGlobalSection
	GlobalSection(SolutionProperties) = preSolution
		HideSolutionNode = FALSE
	EndGlobalSection
	GlobalSection(ExtensibilityGlobals) = postSolution
		SolutionGuid = {C4F693E1-1E40-46CD-B01E-1A5BE7211EE3}
	EndGlobalSection
EndGlobal
